
Microsoft Visual Studio Solution File, Format Version 12.00
# Visual Studio Version 16
VisualStudioVersion = 16.0.31321.278
MinimumVisualStudioVersion = 10.0.40219.1
Project("{FAE04EC0-301F-11D3-BF4B-00C04F79EFBC}") = "Rocky", "Rocky\Rocky.csproj", "{F343F89F-523E-427A-8E8A-D63417C284C6}"
EndProject
Global
	GlobalSection(SolutionConfigurationPlatforms) = preSolution
		Debug|Any CPU = Debug|Any CPU
		Release|Any CPU = Release|Any CPU
	EndGlobalSection
	GlobalSection(ProjectConfigurationPlatforms) = postSolution
		{F343F89F-523E-427A-8E8A-D63417C284C6}.Debug|Any CPU.ActiveCfg = Debug|Any CPU
		{F343F89F-523E-427A-8E8A-D63417C284C6}.Debug|Any CPU.Build.0 = Debug|Any CPU
		{F343F89F-523E-427A-8E8A-D63417C284C6}.Release|Any CPU.ActiveCfg = Release|Any CPU
		{F343F89F-523E-427A-8E8A-D63417C284C6}.Release|Any CPU.Build.0 = Release|Any CPU
	EndGlobalSection
	GlobalSection(SolutionProperties) = preSolution
		HideSolutionNode = FALSE
	EndGlobalSection
	GlobalSection(ExtensibilityGlobals) = postSolution
		SolutionGuid = {7B6C20FF-6770-482E-8B54-C6FBEB9B85E3}
	EndGlobalSection
EndGlobal
